
Microsoft Visual Studio Solution File, Format Version 12.00
Project("{FAE04EC0-301F-11D3-BF4B-00C04F79EFBC}") = "tenis try out", "tenis try out.csproj", "{642B50C0-0B44-43A4-8AE7-91CA2835A3A5}"
EndProject
Global
	GlobalSection(SolutionConfigurationPlatforms) = preSolution
		Debug|Any CPU = Debug|Any CPU
		Release|Any CPU = Release|Any CPU
	EndGlobalSection
	GlobalSection(ProjectConfigurationPlatforms) = postSolution
		{642B50C0-0B44-43A4-8AE7-91CA2835A3A5}.Debug|Any CPU.ActiveCfg = Debug|Any CPU
		{642B50C0-0B44-43A4-8AE7-91CA2835A3A5}.Debug|Any CPU.Build.0 = Debug|Any CPU
		{642B50C0-0B44-43A4-8AE7-91CA2835A3A5}.Release|Any CPU.ActiveCfg = Release|Any CPU
		{642B50C0-0B44-43A4-8AE7-91CA2835A3A5}.Release|Any CPU.Build.0 = Release|Any CPU
	EndGlobalSection
EndGlobal
