
Microsoft Visual Studio Solution File, Format Version 12.00
Project("{FAE04EC0-301F-11D3-BF4B-00C04F79EFBC}") = "Cvičení_OOPBasics", "Cvičení_OOPBasics.csproj", "{FDCE11F4-B6DE-4009-B1C9-A9F509FDC717}"
EndProject
Global
	GlobalSection(SolutionConfigurationPlatforms) = preSolution
		Debug|Any CPU = Debug|Any CPU
		Release|Any CPU = Release|Any CPU
	EndGlobalSection
	GlobalSection(ProjectConfigurationPlatforms) = postSolution
		{FDCE11F4-B6DE-4009-B1C9-A9F509FDC717}.Debug|Any CPU.ActiveCfg = Debug|Any CPU
		{FDCE11F4-B6DE-4009-B1C9-A9F509FDC717}.Debug|Any CPU.Build.0 = Debug|Any CPU
		{FDCE11F4-B6DE-4009-B1C9-A9F509FDC717}.Release|Any CPU.ActiveCfg = Release|Any CPU
		{FDCE11F4-B6DE-4009-B1C9-A9F509FDC717}.Release|Any CPU.Build.0 = Release|Any CPU
	EndGlobalSection
EndGlobal
